
Microsoft Visual Studio Solution File, Format Version 12.00
# Visual Studio Version 17
VisualStudioVersion = 17.5.002.0
MinimumVisualStudioVersion = 10.0.40219.1
Project("{2150E333-8FDC-42A3-9474-1A3956D46DE8}") = "others", "others", "{64BE2484-FF37-4784-807F-3AFBE5C77425}"
EndProject
Project("{9A19103F-16F7-4668-BE54-9A1E7A4F7556}") = "Others.DesignPatterns", "others\Others.DesignPatterns\Others.DesignPatterns.csproj", "{C74F2A94-7FEF-47D8-BCE8-9A702772BDA7}"
EndProject
Global
	GlobalSection(SolutionConfigurationPlatforms) = preSolution
		Debug|Any CPU = Debug|Any CPU
		Release|Any CPU = Release|Any CPU
	EndGlobalSection
	GlobalSection(ProjectConfigurationPlatforms) = postSolution
		{C74F2A94-7FEF-47D8-BCE8-9A702772BDA7}.Debug|Any CPU.ActiveCfg = Debug|Any CPU
		{C74F2A94-7FEF-47D8-BCE8-9A702772BDA7}.Debug|Any CPU.Build.0 = Debug|Any CPU
		{C74F2A94-7FEF-47D8-BCE8-9A702772BDA7}.Release|Any CPU.ActiveCfg = Release|Any CPU
		{C74F2A94-7FEF-47D8-BCE8-9A702772BDA7}.Release|Any CPU.Build.0 = Release|Any CPU
	EndGlobalSection
	GlobalSection(SolutionProperties) = preSolution
		HideSolutionNode = FALSE
	EndGlobalSection
	GlobalSection(NestedProjects) = preSolution
		{C74F2A94-7FEF-47D8-BCE8-9A702772BDA7} = {64BE2484-FF37-4784-807F-3AFBE5C77425}
	EndGlobalSection
	GlobalSection(ExtensibilityGlobals) = postSolution
		SolutionGuid = {A14C1BC4-0F07-496D-B58F-E1D3D22EEA43}
	EndGlobalSection
EndGlobal
